{
  "version": 4,
  "terraform_version": "1.11.0",
  "serial": 594,
  "lineage": "c776a82b-dcec-dc43-6f21-9665311bf102",
  "outputs": {},
  "resources": [
    {
      "mode": "managed",
      "type": "tfe_project",
      "name": "test-project-1",
      "provider": "provider[\"registry.terraform.io/hashicorp/tfe\"]",
      "instances": [
        {
          "schema_version": 0,
          "attributes": {
            "auto_destroy_activity_duration": null,
            "description": "",
            "id": "prj-VrGoK8fXUeJdwfQb",
            "name": "project-1",
            "organization": "my-test-hcporg"
          },
          "sensitive_attributes": [],
          "private": "bnVsbA=="
        }
      ]
    },
    {
      "mode": "managed",
      "type": "tfe_variable",
      "name": "var-test1-a",
      "provider": "provider[\"registry.terraform.io/hashicorp/tfe\"]",
      "instances": [
        {
          "schema_version": 1,
          "attributes": {
            "category": "terraform",
            "description": "test info",
            "hcl": false,
            "id": "var-2sxeBCqqgvYATzVE",
            "key": "key1",
            "readable_value": "value1",
            "sensitive": false,
            "value": "value1",
            "variable_set_id": "varset-UuS4cQoNj6e5VNNo",
            "workspace_id": null
          },
          "sensitive_attributes": [
            [
              {
                "type": "get_attr",
                "value": "value"
              }
            ]
          ],
          "dependencies": [
            "tfe_variable_set.var-test1"
          ]
        }
      ]
    },
    {
      "mode": "managed",
      "type": "tfe_variable",
      "name": "var-test1-b",
      "provider": "provider[\"registry.terraform.io/hashicorp/tfe\"]",
      "instances": [
        {
          "schema_version": 1,
          "attributes": {
            "category": "env",
            "description": "env var",
            "hcl": false,
            "id": "var-R7WjGHpXaUpbKwDt",
            "key": "key2",
            "readable_value": "value2",
            "sensitive": false,
            "value": "value2",
            "variable_set_id": "varset-UuS4cQoNj6e5VNNo",
            "workspace_id": null
          },
          "sensitive_attributes": [
            [
              {
                "type": "get_attr",
                "value": "value"
              }
            ]
          ],
          "dependencies": [
            "tfe_variable_set.var-test1"
          ]
        }
      ]
    },
    {
      "mode": "managed",
      "type": "tfe_variable_set",
      "name": "var-test1",
      "provider": "provider[\"registry.terraform.io/hashicorp/tfe\"]",
      "instances": [
        {
          "schema_version": 0,
          "attributes": {
            "description": "",
            "global": false,
            "id": "varset-UuS4cQoNj6e5VNNo",
            "name": "var-test1",
            "organization": "my-test-hcporg",
            "parent_project_id": null,
            "priority": false,
            "workspace_ids": []
          },
          "sensitive_attributes": [],
          "private": "bnVsbA=="
        }
      ]
    },
    {
      "mode": "managed",
      "type": "tfe_workspace",
      "name": "test-CLI-1",
      "provider": "provider[\"registry.terraform.io/hashicorp/tfe\"]",
      "instances": [
        {
          "schema_version": 1,
          "attributes": {
            "agent_pool_id": "",
            "allow_destroy_plan": true,
            "assessments_enabled": false,
            "auto_apply": false,
            "auto_apply_run_trigger": false,
            "auto_destroy_activity_duration": "",
            "auto_destroy_at": "",
            "description": "",
            "execution_mode": "remote",
            "file_triggers_enabled": true,
            "force_delete": false,
            "global_remote_state": false,
            "html_url": "https://app.terraform.io/app/my-test-hcporg/workspaces/workspace-CLI-1",
            "id": "ws-pXVKhzoGfjdiZ4Fx",
            "ignore_additional_tag_names": null,
            "inherits_project_auto_destroy": true,
            "name": "workspace-CLI-1",
            "operations": true,
            "organization": "my-test-hcporg",
            "project_id": "prj-nnFSHBNXZK4oE7Rx",
            "queue_all_runs": true,
            "remote_state_consumer_ids": [],
            "resource_count": 0,
            "source_name": "",
            "source_url": "",
            "speculative_enabled": true,
            "ssh_key_id": "",
            "structured_run_output_enabled": true,
            "tag_names": [],
            "terraform_version": "1.11.0",
            "trigger_patterns": null,
            "trigger_prefixes": null,
            "vcs_repo": [],
            "working_directory": ""
          },
          "sensitive_attributes": [],
          "private": "eyJzY2hlbWFfdmVyc2lvbiI6IjEifQ=="
        }
      ]
    },
    {
      "mode": "managed",
      "type": "tfe_workspace",
      "name": "test-CLI-2",
      "provider": "provider[\"registry.terraform.io/hashicorp/tfe\"]",
      "instances": [
        {
          "schema_version": 1,
          "attributes": {
            "agent_pool_id": "",
            "allow_destroy_plan": true,
            "assessments_enabled": false,
            "auto_apply": false,
            "auto_apply_run_trigger": false,
            "auto_destroy_activity_duration": "",
            "auto_destroy_at": "",
            "description": "",
            "execution_mode": "remote",
            "file_triggers_enabled": true,
            "force_delete": false,
            "global_remote_state": false,
            "html_url": "https://app.terraform.io/app/my-test-hcporg/workspaces/workspace-CLI-2",
            "id": "ws-av1Nr2z4qm2AdhnB",
            "ignore_additional_tag_names": null,
            "inherits_project_auto_destroy": true,
            "name": "workspace-CLI-2",
            "operations": true,
            "organization": "my-test-hcporg",
            "project_id": "prj-nnFSHBNXZK4oE7Rx",
            "queue_all_runs": true,
            "remote_state_consumer_ids": [],
            "resource_count": 0,
            "source_name": "",
            "source_url": "",
            "speculative_enabled": true,
            "ssh_key_id": "",
            "structured_run_output_enabled": true,
            "tag_names": [],
            "terraform_version": "1.11.0",
            "trigger_patterns": null,
            "trigger_prefixes": null,
            "vcs_repo": [],
            "working_directory": ""
          },
          "sensitive_attributes": [],
          "private": "eyJzY2hlbWFfdmVyc2lvbiI6IjEifQ=="
        }
      ]
    },
    {
      "mode": "managed",
      "type": "tfe_workspace",
      "name": "test-CLI-3",
      "provider": "provider[\"registry.terraform.io/hashicorp/tfe\"]",
      "instances": [
        {
          "schema_version": 1,
          "attributes": {
            "agent_pool_id": "",
            "allow_destroy_plan": true,
            "assessments_enabled": false,
            "auto_apply": false,
            "auto_apply_run_trigger": false,
            "auto_destroy_activity_duration": "",
            "auto_destroy_at": "",
            "description": "",
            "execution_mode": "remote",
            "file_triggers_enabled": true,
            "force_delete": false,
            "global_remote_state": false,
            "html_url": "https://app.terraform.io/app/my-test-hcporg/workspaces/workspace-CLI-3",
            "id": "ws-7c2FQFfJj4fzzBBi",
            "ignore_additional_tag_names": null,
            "inherits_project_auto_destroy": true,
            "name": "workspace-CLI-3",
            "operations": true,
            "organization": "my-test-hcporg",
            "project_id": "prj-nnFSHBNXZK4oE7Rx",
            "queue_all_runs": true,
            "remote_state_consumer_ids": [],
            "resource_count": 0,
            "source_name": "",
            "source_url": "",
            "speculative_enabled": true,
            "ssh_key_id": "",
            "structured_run_output_enabled": true,
            "tag_names": [],
            "terraform_version": "1.11.0",
            "trigger_patterns": null,
            "trigger_prefixes": null,
            "vcs_repo": [],
            "working_directory": ""
          },
          "sensitive_attributes": [],
          "private": "eyJzY2hlbWFfdmVyc2lvbiI6IjEifQ=="
        }
      ]
    },
    {
      "mode": "managed",
      "type": "tfe_workspace",
      "name": "vcs",
      "provider": "provider[\"registry.terraform.io/hashicorp/tfe\"]",
      "instances": [
        {
          "schema_version": 1,
          "attributes": {
            "agent_pool_id": "",
            "allow_destroy_plan": true,
            "assessments_enabled": false,
            "auto_apply": false,
            "auto_apply_run_trigger": false,
            "auto_destroy_activity_duration": "",
            "auto_destroy_at": "",
            "description": "",
            "execution_mode": "remote",
            "file_triggers_enabled": true,
            "force_delete": false,
            "global_remote_state": false,
            "html_url": "https://app.terraform.io/app/my-test-hcporg/workspaces/vcs",
            "id": "ws-tpqJP1PugVEPkmbj",
            "ignore_additional_tag_names": null,
            "inherits_project_auto_destroy": true,
            "name": "vcs",
            "operations": true,
            "organization": "my-test-hcporg",
            "project_id": "prj-nnFSHBNXZK4oE7Rx",
            "queue_all_runs": false,
            "remote_state_consumer_ids": [],
            "resource_count": 0,
            "source_name": "",
            "source_url": "",
            "speculative_enabled": true,
            "ssh_key_id": "",
            "structured_run_output_enabled": true,
            "tag_names": [],
            "terraform_version": "1.11.0",
            "trigger_patterns": null,
            "trigger_prefixes": null,
            "vcs_repo": [
              {
                "branch": "main",
                "github_app_installation_id": "",
                "identifier": "dstv1/repository",
                "ingress_submodules": false,
                "oauth_token_id": "ot-zc9PN7TPuwvaPXH2",
                "tags_regex": ""
              }
            ],
            "working_directory": ""
          },
          "sensitive_attributes": [],
          "private": "eyJzY2hlbWFfdmVyc2lvbiI6IjEifQ=="
        }
      ]
    }
  ],
  "check_results": null
}
